
Microsoft Visual Studio Solution File, Format Version 12.00
# Visual Studio Version 16
VisualStudioVersion = 16.0.31402.337
MinimumVisualStudioVersion = 10.0.40219.1
Project("{FAE04EC0-301F-11D3-BF4B-00C04F79EFBC}") = "WeatherApp", "WeatherApp\WeatherApp.csproj", "{F64E2CBA-3DA3-4A37-B061-77C60F1122EF}"
EndProject
Global
	GlobalSection(SolutionConfigurationPlatforms) = preSolution
		Debug|Any CPU = Debug|Any CPU
		Release|Any CPU = Release|Any CPU
	EndGlobalSection
	GlobalSection(ProjectConfigurationPlatforms) = postSolution
		{F64E2CBA-3DA3-4A37-B061-77C60F1122EF}.Debug|Any CPU.ActiveCfg = Debug|Any CPU
		{F64E2CBA-3DA3-4A37-B061-77C60F1122EF}.Debug|Any CPU.Build.0 = Debug|Any CPU
		{F64E2CBA-3DA3-4A37-B061-77C60F1122EF}.Release|Any CPU.ActiveCfg = Release|Any CPU
		{F64E2CBA-3DA3-4A37-B061-77C60F1122EF}.Release|Any CPU.Build.0 = Release|Any CPU
	EndGlobalSection
	GlobalSection(SolutionProperties) = preSolution
		HideSolutionNode = FALSE
	EndGlobalSection
	GlobalSection(ExtensibilityGlobals) = postSolution
		SolutionGuid = {CE841108-2D9B-4294-A093-3865C0923E69}
	EndGlobalSection
EndGlobal
